
Microsoft Visual Studio Solution File, Format Version 11.00
# Visual Studio 2010
Project("{FAE04EC0-301F-11D3-BF4B-00C04F79EFBC}") = "car", "Assembly-CSharp.csproj", "{E390F8B0-5B5E-7D46-FA61-627C3D3384D7}"
EndProject
Project("{FAE04EC0-301F-11D3-BF4B-00C04F79EFBC}") = "car", "Assembly-CSharp-Editor.csproj", "{A70B3FB4-96BE-874C-DE9B-F73ABA8BF146}"
EndProject
Global
	GlobalSection(SolutionConfigurationPlatforms) = preSolution
		Debug|Any CPU = Debug|Any CPU
		Release|Any CPU = Release|Any CPU
	EndGlobalSection
	GlobalSection(ProjectConfigurationPlatforms) = postSolution
		{E390F8B0-5B5E-7D46-FA61-627C3D3384D7}.Debug|Any CPU.ActiveCfg = Debug|Any CPU
		{E390F8B0-5B5E-7D46-FA61-627C3D3384D7}.Debug|Any CPU.Build.0 = Debug|Any CPU
		{E390F8B0-5B5E-7D46-FA61-627C3D3384D7}.Release|Any CPU.ActiveCfg = Release|Any CPU
		{E390F8B0-5B5E-7D46-FA61-627C3D3384D7}.Release|Any CPU.Build.0 = Release|Any CPU
		{A70B3FB4-96BE-874C-DE9B-F73ABA8BF146}.Debug|Any CPU.ActiveCfg = Debug|Any CPU
		{A70B3FB4-96BE-874C-DE9B-F73ABA8BF146}.Debug|Any CPU.Build.0 = Debug|Any CPU
		{A70B3FB4-96BE-874C-DE9B-F73ABA8BF146}.Release|Any CPU.ActiveCfg = Release|Any CPU
		{A70B3FB4-96BE-874C-DE9B-F73ABA8BF146}.Release|Any CPU.Build.0 = Release|Any CPU
	EndGlobalSection
	GlobalSection(SolutionProperties) = preSolution
		HideSolutionNode = FALSE
	EndGlobalSection
	GlobalSection(MonoDevelopProperties) = preSolution
		StartupItem = Assembly-CSharp.csproj
	EndGlobalSection
EndGlobal
